
Microsoft Visual Studio Solution File, Format Version 12.00
# Visual Studio Version 16
VisualStudioVersion = 16.0.31402.337
MinimumVisualStudioVersion = 15.0.26124.0
Project("{9A19103F-16F7-4668-BE54-9A1E7A4F7556}") = "WcfServiceLibrary1", "WcfServiceLibrary1\WcfServiceLibrary1.csproj", "{9BB1166E-F19F-4EF2-8A1D-D347A57BA36B}"
EndProject
Project("{9A19103F-16F7-4668-BE54-9A1E7A4F7556}") = "ConsoleApp1", "ConsoleApp1\ConsoleApp1.csproj", "{38C68F69-6368-4EF7-90EC-36CD74D76967}"
EndProject
Global
	GlobalSection(SolutionConfigurationPlatforms) = preSolution
		Debug|Any CPU = Debug|Any CPU
		Debug|x64 = Debug|x64
		Debug|x86 = Debug|x86
		Release|Any CPU = Release|Any CPU
		Release|x64 = Release|x64
		Release|x86 = Release|x86
	EndGlobalSection
	GlobalSection(ProjectConfigurationPlatforms) = postSolution
		{9BB1166E-F19F-4EF2-8A1D-D347A57BA36B}.Debug|Any CPU.ActiveCfg = Debug|Any CPU
		{9BB1166E-F19F-4EF2-8A1D-D347A57BA36B}.Debug|Any CPU.Build.0 = Debug|Any CPU
		{9BB1166E-F19F-4EF2-8A1D-D347A57BA36B}.Debug|x64.ActiveCfg = Debug|Any CPU
		{9BB1166E-F19F-4EF2-8A1D-D347A57BA36B}.Debug|x64.Build.0 = Debug|Any CPU
		{9BB1166E-F19F-4EF2-8A1D-D347A57BA36B}.Debug|x86.ActiveCfg = Debug|Any CPU
		{9BB1166E-F19F-4EF2-8A1D-D347A57BA36B}.Debug|x86.Build.0 = Debug|Any CPU
		{9BB1166E-F19F-4EF2-8A1D-D347A57BA36B}.Release|Any CPU.ActiveCfg = Release|Any CPU
		{9BB1166E-F19F-4EF2-8A1D-D347A57BA36B}.Release|Any CPU.Build.0 = Release|Any CPU
		{9BB1166E-F19F-4EF2-8A1D-D347A57BA36B}.Release|x64.ActiveCfg = Release|Any CPU
		{9BB1166E-F19F-4EF2-8A1D-D347A57BA36B}.Release|x64.Build.0 = Release|Any CPU
		{9BB1166E-F19F-4EF2-8A1D-D347A57BA36B}.Release|x86.ActiveCfg = Release|Any CPU
		{9BB1166E-F19F-4EF2-8A1D-D347A57BA36B}.Release|x86.Build.0 = Release|Any CPU
		{38C68F69-6368-4EF7-90EC-36CD74D76967}.Debug|Any CPU.ActiveCfg = Debug|Any CPU
		{38C68F69-6368-4EF7-90EC-36CD74D76967}.Debug|Any CPU.Build.0 = Debug|Any CPU
		{38C68F69-6368-4EF7-90EC-36CD74D76967}.Debug|x64.ActiveCfg = Debug|Any CPU
		{38C68F69-6368-4EF7-90EC-36CD74D76967}.Debug|x64.Build.0 = Debug|Any CPU
		{38C68F69-6368-4EF7-90EC-36CD74D76967}.Debug|x86.ActiveCfg = Debug|Any CPU
		{38C68F69-6368-4EF7-90EC-36CD74D76967}.Debug|x86.Build.0 = Debug|Any CPU
		{38C68F69-6368-4EF7-90EC-36CD74D76967}.Release|Any CPU.ActiveCfg = Release|Any CPU
		{38C68F69-6368-4EF7-90EC-36CD74D76967}.Release|Any CPU.Build.0 = Release|Any CPU
		{38C68F69-6368-4EF7-90EC-36CD74D76967}.Release|x64.ActiveCfg = Release|Any CPU
		{38C68F69-6368-4EF7-90EC-36CD74D76967}.Release|x64.Build.0 = Release|Any CPU
		{38C68F69-6368-4EF7-90EC-36CD74D76967}.Release|x86.ActiveCfg = Release|Any CPU
		{38C68F69-6368-4EF7-90EC-36CD74D76967}.Release|x86.Build.0 = Release|Any CPU
	EndGlobalSection
	GlobalSection(SolutionProperties) = preSolution
		HideSolutionNode = FALSE
	EndGlobalSection
	GlobalSection(ExtensibilityGlobals) = postSolution
		SolutionGuid = {7D98E6CB-E067-4DA5-B3A3-7FAC0128E6E1}
	EndGlobalSection
EndGlobal
